<?xml version="1.0" encoding="utf-8"?>
<Project ToolsVersion="4.0" xmlns="http://schemas.microsoft.com/developer/msbuild/2003">
  <ItemGroup>
    <Filter Include="ソース ファイル">
      <UniqueIdentifier>{4FC737F1-C7A5-4376-A066-2A32D752A2FF}</UniqueIdentifier>
      <Extensions>cpp;c;cc;cxx;def;odl;idl;hpj;bat;asm;asmx</Extensions>
    </Filter>
    <Filter Include="リソース ファイル">
      <UniqueIdentifier>{67DA6AB6-F800-4c08-8B7A-83BB121AAD01}</UniqueIdentifier>
      <Extensions>rc;ico;cur;bmp;dlg;rc2;rct;bin;rgs;gif;jpg;jpeg;jpe;resx;tiff;tif;png;wav;mfcribbon-ms</Extensions>
    </Filter>
    <Filter Include="ソース ファイル\map">
      <UniqueIdentifier>{1c31fe01-2a9f-4e56-9e05-b1d11dba744a}</UniqueIdentifier>
    </Filter>
    <Filter Include="ソース ファイル\util">
      <UniqueIdentifier>{107b7431-619a-472e-a069-1fcc6e12eca0}</UniqueIdentifier>
    </Filter>
    <Filter Include="ソース ファイル\scene">
      <UniqueIdentifier>{bf5142aa-d926-423c-8ce7-201b12ecf896}</UniqueIdentifier>
    </Filter>
    <Filter Include="ソース ファイル\scene_sub">
      <UniqueIdentifier>{dfa719e7-9aae-48d9-90e0-4cfc8f53e3fa}</UniqueIdentifier>
    </Filter>
    <Filter Include="ソース ファイル\player">
      <UniqueIdentifier>{ea26b62d-ae59-40c5-8ec8-eab50ca511fb}</UniqueIdentifier>
    </Filter>
    <Filter Include="ソース ファイル\enemy">
      <UniqueIdentifier>{ea361c7b-b91f-4232-8b38-1950f65e09bd}</UniqueIdentifier>
    </Filter>
    <Filter Include="リソース ファイル\font">
      <UniqueIdentifier>{7caffad3-fb83-4fd9-90c9-20054345e007}</UniqueIdentifier>
    </Filter>
    <Filter Include="リソース ファイル\img">
      <UniqueIdentifier>{111b8178-2172-4273-bcd0-f9b47483bb37}</UniqueIdentifier>
    </Filter>
    <Filter Include="ソース ファイル\collision">
      <UniqueIdentifier>{0d7d147a-ba4d-41fb-8277-d99ada4b0490}</UniqueIdentifier>
    </Filter>
  </ItemGroup>
  <ItemGroup>
    <ClCompile Include="main.cpp">
      <Filter>ソース ファイル</Filter>
    </ClCompile>
    <ClCompile Include="map.cpp">
      <Filter>ソース ファイル\map</Filter>
    </ClCompile>
    <ClCompile Include="util.cpp">
      <Filter>ソース ファイル\util</Filter>
    </ClCompile>
    <ClCompile Include="fps.cpp">
      <Filter>ソース ファイル\util</Filter>
    </ClCompile>
    <ClCompile Include="scene_mgr.cpp">
      <Filter>ソース ファイル\scene</Filter>
    </ClCompile>
    <ClCompile Include="game_scene.cpp">
      <Filter>ソース ファイル\scene_sub</Filter>
    </ClCompile>
    <ClCompile Include="start_scene.cpp">
      <Filter>ソース ファイル\scene_sub</Filter>
    </ClCompile>
    <ClCompile Include="input.cpp">
      <Filter>ソース ファイル\util</Filter>
    </ClCompile>
    <ClCompile Include="player.cpp">
      <Filter>ソース ファイル\player</Filter>
    </ClCompile>
    <ClCompile Include="enemy_controller.cpp">
      <Filter>ソース ファイル\enemy</Filter>
    </ClCompile>
    <ClCompile Include="clear_scene.cpp">
      <Filter>ソース ファイル\scene_sub</Filter>
    </ClCompile>
    <ClCompile Include="over_scene.cpp">
      <Filter>ソース ファイル\scene_sub</Filter>
    </ClCompile>
    <ClCompile Include="base_enemy.cpp">
      <Filter>ソース ファイル\enemy</Filter>
    </ClCompile>
    <ClCompile Include="enemy.cpp">
      <Filter>ソース ファイル\enemy</Filter>
    </ClCompile>
    <ClCompile Include="collision.cpp">
      <Filter>ソース ファイル\collision</Filter>
    </ClCompile>
  </ItemGroup>
  <ItemGroup>
    <ClInclude Include="map.h">
      <Filter>ソース ファイル\map</Filter>
    </ClInclude>
    <ClInclude Include="util.h">
      <Filter>ソース ファイル\util</Filter>
    </ClInclude>
    <ClInclude Include="fps.h">
      <Filter>ソース ファイル\util</Filter>
    </ClInclude>
    <ClInclude Include="define.h">
      <Filter>ソース ファイル</Filter>
    </ClInclude>
    <ClInclude Include="task.h">
      <Filter>ソース ファイル\scene</Filter>
    </ClInclude>
    <ClInclude Include="i_scene_changer.h">
      <Filter>ソース ファイル\scene</Filter>
    </ClInclude>
    <ClInclude Include="base_scene.h">
      <Filter>ソース ファイル\scene</Filter>
    </ClInclude>
    <ClInclude Include="scene_mgr.h">
      <Filter>ソース ファイル\scene</Filter>
    </ClInclude>
    <ClInclude Include="game_scene.h">
      <Filter>ソース ファイル\scene_sub</Filter>
    </ClInclude>
    <ClInclude Include="start_scene.h">
      <Filter>ソース ファイル\scene_sub</Filter>
    </ClInclude>
    <ClInclude Include="input.h">
      <Filter>ソース ファイル\util</Filter>
    </ClInclude>
    <ClInclude Include="player.h">
      <Filter>ソース ファイル\player</Filter>
    </ClInclude>
    <ClInclude Include="enemy_controller.h">
      <Filter>ソース ファイル\enemy</Filter>
    </ClInclude>
    <ClInclude Include="clear_scene.h">
      <Filter>ソース ファイル\scene_sub</Filter>
    </ClInclude>
    <ClInclude Include="over_scene.h">
      <Filter>ソース ファイル\scene_sub</Filter>
    </ClInclude>
    <ClInclude Include="base_enemy.h">
      <Filter>ソース ファイル\enemy</Filter>
    </ClInclude>
    <ClInclude Include="enemy.h">
      <Filter>ソース ファイル\enemy</Filter>
    </ClInclude>
    <ClInclude Include="collision.h">
      <Filter>ソース ファイル\collision</Filter>
    </ClInclude>
  </ItemGroup>
  <ItemGroup>
    <Font Include="font\hui.ttf">
      <Filter>リソース ファイル\font</Filter>
    </Font>
  </ItemGroup>
  <ItemGroup>
    <Image Include="img\enemy\yurei.png">
      <Filter>リソース ファイル\img</Filter>
    </Image>
    <Image Include="img\enemy\gaki.png">
      <Filter>リソース ファイル\img</Filter>
    </Image>
    <Image Include="img\enemy\dokuro.png">
      <Filter>リソース ファイル\img</Filter>
    </Image>
    <Image Include="img\enemy\datenshi.png">
      <Filter>リソース ファイル\img</Filter>
    </Image>
    <Image Include="img\enemy\enma.png">
      <Filter>リソース ファイル\img</Filter>
    </Image>
    <Image Include="img\enemy\oni.png">
      <Filter>リソース ファイル\img</Filter>
    </Image>
  </ItemGroup>
  <ItemGroup>
    <None Include="packages.config" />
  </ItemGroup>
</Project>